
Microsoft Visual Studio Solution File, Format Version 12.00
# Visual Studio Version 17
VisualStudioVersion = 17.3.32901.215
MinimumVisualStudioVersion = 10.0.40219.1
Project("{FAE04EC0-301F-11D3-BF4B-00C04F79EFBC}") = "RubiksCubeMover", "RubiksCubeMover\RubiksCubeMover.csproj", "{F04FA1B8-7C05-4897-9797-0D113DC372DE}"
EndProject
Project("{FAE04EC0-301F-11D3-BF4B-00C04F79EFBC}") = "RubiksCubeMover.UnitTests", "RubiksCubeMover.UnitTests\RubiksCubeMover.UnitTests.csproj", "{365CB605-84B0-46AB-9EFE-33520631737E}"
EndProject
Global
	GlobalSection(SolutionConfigurationPlatforms) = preSolution
		Debug|Any CPU = Debug|Any CPU
		Release|Any CPU = Release|Any CPU
	EndGlobalSection
	GlobalSection(ProjectConfigurationPlatforms) = postSolution
		{F04FA1B8-7C05-4897-9797-0D113DC372DE}.Debug|Any CPU.ActiveCfg = Debug|Any CPU
		{F04FA1B8-7C05-4897-9797-0D113DC372DE}.Debug|Any CPU.Build.0 = Debug|Any CPU
		{F04FA1B8-7C05-4897-9797-0D113DC372DE}.Release|Any CPU.ActiveCfg = Release|Any CPU
		{F04FA1B8-7C05-4897-9797-0D113DC372DE}.Release|Any CPU.Build.0 = Release|Any CPU
		{365CB605-84B0-46AB-9EFE-33520631737E}.Debug|Any CPU.ActiveCfg = Debug|Any CPU
		{365CB605-84B0-46AB-9EFE-33520631737E}.Debug|Any CPU.Build.0 = Debug|Any CPU
		{365CB605-84B0-46AB-9EFE-33520631737E}.Release|Any CPU.ActiveCfg = Release|Any CPU
		{365CB605-84B0-46AB-9EFE-33520631737E}.Release|Any CPU.Build.0 = Release|Any CPU
	EndGlobalSection
	GlobalSection(SolutionProperties) = preSolution
		HideSolutionNode = FALSE
	EndGlobalSection
	GlobalSection(ExtensibilityGlobals) = postSolution
		SolutionGuid = {62BA8923-A141-4564-9A9F-D56ED9818758}
	EndGlobalSection
EndGlobal
